
Microsoft Visual Studio Solution File, Format Version 12.00
# Visual Studio Version 17
VisualStudioVersion = 17.9.34728.123
MinimumVisualStudioVersion = 10.0.40219.1
Project("{FAE04EC0-301F-11D3-BF4B-00C04F79EFBC}") = "MyFavoriteSong", "MyFavoriteSong\MyFavoriteSong.csproj", "{9AADD05B-547D-4192-9EE8-F30EFFDE6D5C}"
EndProject
Global
	GlobalSection(SolutionConfigurationPlatforms) = preSolution
		Debug|Any CPU = Debug|Any CPU
		Release|Any CPU = Release|Any CPU
	EndGlobalSection
	GlobalSection(ProjectConfigurationPlatforms) = postSolution
		{9AADD05B-547D-4192-9EE8-F30EFFDE6D5C}.Debug|Any CPU.ActiveCfg = Debug|Any CPU
		{9AADD05B-547D-4192-9EE8-F30EFFDE6D5C}.Debug|Any CPU.Build.0 = Debug|Any CPU
		{9AADD05B-547D-4192-9EE8-F30EFFDE6D5C}.Release|Any CPU.ActiveCfg = Release|Any CPU
		{9AADD05B-547D-4192-9EE8-F30EFFDE6D5C}.Release|Any CPU.Build.0 = Release|Any CPU
	EndGlobalSection
	GlobalSection(SolutionProperties) = preSolution
		HideSolutionNode = FALSE
	EndGlobalSection
	GlobalSection(ExtensibilityGlobals) = postSolution
		SolutionGuid = {A7D73D0C-C41D-4EBC-A206-F532A509C9B2}
	EndGlobalSection
EndGlobal
